// !$*UTF8*$!
{
	archiveVersion = 1;
	classes = {
	};
	objectVersion = 56;
	objects = {

/* Begin PBXBuildFile section */
		B5D0EEEB2C3460D30070B60A /* MovieLanguage.swift in Sources */ = {isa = PBXBuildFile; fileRef = B5D0EEE82C3460D30070B60A /* MovieLanguage.swift */; };
		B5D0EEEC2C3460D30070B60A /* Movie.swift in Sources */ = {isa = PBXBuildFile; fileRef = B5D0EEE92C3460D30070B60A /* Movie.swift */; };
		B5D0EEED2C3460D30070B60A /* MovieGenre.swift in Sources */ = {isa = PBXBuildFile; fileRef = B5D0EEEA2C3460D30070B60A /* MovieGenre.swift */; };
		B5D0EEEF2C34632F0070B60A /* MovieManager.swift in Sources */ = {isa = PBXBuildFile; fileRef = B5D0EEEE2C34632F0070B60A /* MovieManager.swift */; };
		B5D0EEF12C3463EA0070B60A /* K+Strings.swift in Sources */ = {isa = PBXBuildFile; fileRef = B5D0EEF02C3463EA0070B60A /* K+Strings.swift */; };
		B5D0EEF32C3467BE0070B60A /* MoviesViewModel.swift in Sources */ = {isa = PBXBuildFile; fileRef = B5D0EEF22C3467BE0070B60A /* MoviesViewModel.swift */; };
		B5D0EEF52C346B680070B60A /* MoviesViewController.swift in Sources */ = {isa = PBXBuildFile; fileRef = B5D0EEF42C346B680070B60A /* MoviesViewController.swift */; };
		B5D0EF082C3488670070B60A /* SearchBarView.swift in Sources */ = {isa = PBXBuildFile; fileRef = B5D0EF072C3488670070B60A /* SearchBarView.swift */; };
		B5D0EF0D2C348B890070B60A /* MoviesTableView.swift in Sources */ = {isa = PBXBuildFile; fileRef = B5D0EF0C2C348B890070B60A /* MoviesTableView.swift */; };
		B5D0EF0F2C348BC60070B60A /* MovieTableViewCell.swift in Sources */ = {isa = PBXBuildFile; fileRef = B5D0EF0E2C348BC60070B60A /* MovieTableViewCell.swift */; };
		B5D0EF122C348C080070B60A /* Lottie in Frameworks */ = {isa = PBXBuildFile; productRef = B5D0EF112C348C080070B60A /* Lottie */; };
		B5D0EF152C348C720070B60A /* Kingfisher in Frameworks */ = {isa = PBXBuildFile; productRef = B5D0EF142C348C720070B60A /* Kingfisher */; };
		B5D0EF172C348D930070B60A /* PosterCellView.swift in Sources */ = {isa = PBXBuildFile; fileRef = B5D0EF162C348D930070B60A /* PosterCellView.swift */; };
		B5D0EF212C348EE50070B60A /* Animation_3.json in Resources */ = {isa = PBXBuildFile; fileRef = B5D0EF182C348EE50070B60A /* Animation_3.json */; };
		B5D0EF222C348EE50070B60A /* Loading_1.json in Resources */ = {isa = PBXBuildFile; fileRef = B5D0EF192C348EE50070B60A /* Loading_1.json */; };
		B5D0EF232C348EE50070B60A /* Loading_2.json in Resources */ = {isa = PBXBuildFile; fileRef = B5D0EF1A2C348EE50070B60A /* Loading_2.json */; };
		B5D0EF242C348EE50070B60A /* Loading_Animation_1.json in Resources */ = {isa = PBXBuildFile; fileRef = B5D0EF1B2C348EE50070B60A /* Loading_Animation_1.json */; };
		B5D0EF252C348EE50070B60A /* Loading_Animation_2.json in Resources */ = {isa = PBXBuildFile; fileRef = B5D0EF1C2C348EE50070B60A /* Loading_Animation_2.json */; };
		B5D0EF262C348EE50070B60A /* Loading_Animation_3.json in Resources */ = {isa = PBXBuildFile; fileRef = B5D0EF1D2C348EE50070B60A /* Loading_Animation_3.json */; };
		B5D0EF272C348EE50070B60A /* Youtube_B_Animation.json in Resources */ = {isa = PBXBuildFile; fileRef = B5D0EF1E2C348EE50070B60A /* Youtube_B_Animation.json */; };
		B5D0EF282C348EE50070B60A /* Youtube_Button_Animation.json in Resources */ = {isa = PBXBuildFile; fileRef = B5D0EF1F2C348EE50070B60A /* Youtube_Button_Animation.json */; };
		B5D0EF2A2C3490550070B60A /* YouTubeManager.swift in Sources */ = {isa = PBXBuildFile; fileRef = B5D0EF292C3490550070B60A /* YouTubeManager.swift */; };
		B5D0EF2C2C3492730070B60A /* MovieDetailViewController.swift in Sources */ = {isa = PBXBuildFile; fileRef = B5D0EF2B2C3492730070B60A /* MovieDetailViewController.swift */; };
		B5D0EF2E2C3494720070B60A /* FullscreenPosterViewController.swift in Sources */ = {isa = PBXBuildFile; fileRef = B5D0EF2D2C3494720070B60A /* FullscreenPosterViewController.swift */; };
		B5D0EF302C3496850070B60A /* R+Strings.swift in Sources */ = {isa = PBXBuildFile; fileRef = B5D0EF2F2C3496850070B60A /* R+Strings.swift */; };
		B5D0EF332C3497FE0070B60A /* UIImage+extension.swift in Sources */ = {isa = PBXBuildFile; fileRef = B5D0EF322C3497FE0070B60A /* UIImage+extension.swift */; };
		B5D0EF392C34A0590070B60A /* SwiftyJSON in Frameworks */ = {isa = PBXBuildFile; productRef = B5D0EF382C34A0590070B60A /* SwiftyJSON */; };
		B5D0EF3C2C34A2660070B60A /* Alamofire in Frameworks */ = {isa = PBXBuildFile; productRef = B5D0EF3B2C34A2660070B60A /* Alamofire */; };
		B5DD1C962C344B14003893FE /* AppDelegate.swift in Sources */ = {isa = PBXBuildFile; fileRef = B5DD1C952C344B14003893FE /* AppDelegate.swift */; };
		B5DD1C982C344B14003893FE /* SceneDelegate.swift in Sources */ = {isa = PBXBuildFile; fileRef = B5DD1C972C344B14003893FE /* SceneDelegate.swift */; };
		B5DD1C9F2C344B16003893FE /* Assets.xcassets in Resources */ = {isa = PBXBuildFile; fileRef = B5DD1C9E2C344B16003893FE /* Assets.xcassets */; };
		B5DD1CA22C344B16003893FE /* Base in Resources */ = {isa = PBXBuildFile; fileRef = B5DD1CA12C344B16003893FE /* Base */; };
		B5DD1CBF2C3458B7003893FE /* NetworkMonitor.swift in Sources */ = {isa = PBXBuildFile; fileRef = B5DD1CBE2C3458B7003893FE /* NetworkMonitor.swift */; };
/* End PBXBuildFile section */

/* Begin PBXFileReference section */
		B5D0EEE82C3460D30070B60A /* MovieLanguage.swift */ = {isa = PBXFileReference; fileEncoding = 4; lastKnownFileType = sourcecode.swift; path = MovieLanguage.swift; sourceTree = "<group>"; };
		B5D0EEE92C3460D30070B60A /* Movie.swift */ = {isa = PBXFileReference; fileEncoding = 4; lastKnownFileType = sourcecode.swift; path = Movie.swift; sourceTree = "<group>"; };
		B5D0EEEA2C3460D30070B60A /* MovieGenre.swift */ = {isa = PBXFileReference; fileEncoding = 4; lastKnownFileType = sourcecode.swift; path = MovieGenre.swift; sourceTree = "<group>"; };
		B5D0EEEE2C34632F0070B60A /* MovieManager.swift */ = {isa = PBXFileReference; lastKnownFileType = sourcecode.swift; path = MovieManager.swift; sourceTree = "<group>"; };
		B5D0EEF02C3463EA0070B60A /* K+Strings.swift */ = {isa = PBXFileReference; lastKnownFileType = sourcecode.swift; path = "K+Strings.swift"; sourceTree = "<group>"; };
		B5D0EEF22C3467BE0070B60A /* MoviesViewModel.swift */ = {isa = PBXFileReference; lastKnownFileType = sourcecode.swift; path = MoviesViewModel.swift; sourceTree = "<group>"; };
		B5D0EEF42C346B680070B60A /* MoviesViewController.swift */ = {isa = PBXFileReference; lastKnownFileType = sourcecode.swift; path = MoviesViewController.swift; sourceTree = "<group>"; };
		B5D0EF072C3488670070B60A /* SearchBarView.swift */ = {isa = PBXFileReference; lastKnownFileType = sourcecode.swift; path = SearchBarView.swift; sourceTree = "<group>"; };
		B5D0EF0C2C348B890070B60A /* MoviesTableView.swift */ = {isa = PBXFileReference; lastKnownFileType = sourcecode.swift; path = MoviesTableView.swift; sourceTree = "<group>"; };
		B5D0EF0E2C348BC60070B60A /* MovieTableViewCell.swift */ = {isa = PBXFileReference; lastKnownFileType = sourcecode.swift; path = MovieTableViewCell.swift; sourceTree = "<group>"; };
		B5D0EF162C348D930070B60A /* PosterCellView.swift */ = {isa = PBXFileReference; lastKnownFileType = sourcecode.swift; path = PosterCellView.swift; sourceTree = "<group>"; };
		B5D0EF182C348EE50070B60A /* Animation_3.json */ = {isa = PBXFileReference; fileEncoding = 4; lastKnownFileType = text.json; path = Animation_3.json; sourceTree = "<group>"; };
		B5D0EF192C348EE50070B60A /* Loading_1.json */ = {isa = PBXFileReference; fileEncoding = 4; lastKnownFileType = text.json; path = Loading_1.json; sourceTree = "<group>"; };
		B5D0EF1A2C348EE50070B60A /* Loading_2.json */ = {isa = PBXFileReference; fileEncoding = 4; lastKnownFileType = text.json; path = Loading_2.json; sourceTree = "<group>"; };
		B5D0EF1B2C348EE50070B60A /* Loading_Animation_1.json */ = {isa = PBXFileReference; fileEncoding = 4; lastKnownFileType = text.json; path = Loading_Animation_1.json; sourceTree = "<group>"; };
		B5D0EF1C2C348EE50070B60A /* Loading_Animation_2.json */ = {isa = PBXFileReference; fileEncoding = 4; lastKnownFileType = text.json; path = Loading_Animation_2.json; sourceTree = "<group>"; };
		B5D0EF1D2C348EE50070B60A /* Loading_Animation_3.json */ = {isa = PBXFileReference; fileEncoding = 4; lastKnownFileType = text.json; path = Loading_Animation_3.json; sourceTree = "<group>"; };
		B5D0EF1E2C348EE50070B60A /* Youtube_B_Animation.json */ = {isa = PBXFileReference; fileEncoding = 4; lastKnownFileType = text.json; path = Youtube_B_Animation.json; sourceTree = "<group>"; };
		B5D0EF1F2C348EE50070B60A /* Youtube_Button_Animation.json */ = {isa = PBXFileReference; fileEncoding = 4; lastKnownFileType = text.json; path = Youtube_Button_Animation.json; sourceTree = "<group>"; };
		B5D0EF292C3490550070B60A /* YouTubeManager.swift */ = {isa = PBXFileReference; lastKnownFileType = sourcecode.swift; path = YouTubeManager.swift; sourceTree = "<group>"; };
		B5D0EF2B2C3492730070B60A /* MovieDetailViewController.swift */ = {isa = PBXFileReference; lastKnownFileType = sourcecode.swift; path = MovieDetailViewController.swift; sourceTree = "<group>"; };
		B5D0EF2D2C3494720070B60A /* FullscreenPosterViewController.swift */ = {isa = PBXFileReference; lastKnownFileType = sourcecode.swift; path = FullscreenPosterViewController.swift; sourceTree = "<group>"; };
		B5D0EF2F2C3496850070B60A /* R+Strings.swift */ = {isa = PBXFileReference; lastKnownFileType = sourcecode.swift; path = "R+Strings.swift"; sourceTree = "<group>"; };
		B5D0EF322C3497FE0070B60A /* UIImage+extension.swift */ = {isa = PBXFileReference; lastKnownFileType = sourcecode.swift; path = "UIImage+extension.swift"; sourceTree = "<group>"; };
		B5DD1C922C344B14003893FE /* TMDB_UIKit.app */ = {isa = PBXFileReference; explicitFileType = wrapper.application; includeInIndex = 0; path = TMDB_UIKit.app; sourceTree = BUILT_PRODUCTS_DIR; };
		B5DD1C952C344B14003893FE /* AppDelegate.swift */ = {isa = PBXFileReference; lastKnownFileType = sourcecode.swift; path = AppDelegate.swift; sourceTree = "<group>"; };
		B5DD1C972C344B14003893FE /* SceneDelegate.swift */ = {isa = PBXFileReference; lastKnownFileType = sourcecode.swift; path = SceneDelegate.swift; sourceTree = "<group>"; };
		B5DD1C9E2C344B16003893FE /* Assets.xcassets */ = {isa = PBXFileReference; lastKnownFileType = folder.assetcatalog; path = Assets.xcassets; sourceTree = "<group>"; };
		B5DD1CA12C344B16003893FE /* Base */ = {isa = PBXFileReference; lastKnownFileType = file.storyboard; name = Base; path = Base.lproj/LaunchScreen.storyboard; sourceTree = "<group>"; };
		B5DD1CA32C344B16003893FE /* Info.plist */ = {isa = PBXFileReference; lastKnownFileType = text.plist.xml; path = Info.plist; sourceTree = "<group>"; };
		B5DD1CBE2C3458B7003893FE /* NetworkMonitor.swift */ = {isa = PBXFileReference; lastKnownFileType = sourcecode.swift; path = NetworkMonitor.swift; sourceTree = "<group>"; };
/* End PBXFileReference section */

/* Begin PBXFrameworksBuildPhase section */
		B5DD1C8F2C344B14003893FE /* Frameworks */ = {
			isa = PBXFrameworksBuildPhase;
			buildActionMask = 2147483647;
			files = (
				B5D0EF152C348C720070B60A /* Kingfisher in Frameworks */,
				B5D0EF3C2C34A2660070B60A /* Alamofire in Frameworks */,
				B5D0EF392C34A0590070B60A /* SwiftyJSON in Frameworks */,
				B5D0EF122C348C080070B60A /* Lottie in Frameworks */,
			);
			runOnlyForDeploymentPostprocessing = 0;
		};
/* End PBXFrameworksBuildPhase section */

/* Begin PBXGroup section */
		B5D0EF052C34883F0070B60A /* General */ = {
			isa = PBXGroup;
			children = (
				B5D0EEF42C346B680070B60A /* MoviesViewController.swift */,
				B5D0EF2B2C3492730070B60A /* MovieDetailViewController.swift */,
			);
			path = General;
			sourceTree = "<group>";
		};
		B5D0EF062C34884B0070B60A /* Base */ = {
			isa = PBXGroup;
			children = (
				B5D0EF072C3488670070B60A /* SearchBarView.swift */,
				B5D0EF0C2C348B890070B60A /* MoviesTableView.swift */,
				B5D0EF0E2C348BC60070B60A /* MovieTableViewCell.swift */,
				B5D0EF162C348D930070B60A /* PosterCellView.swift */,
				B5D0EF2D2C3494720070B60A /* FullscreenPosterViewController.swift */,
			);
			path = Base;
			sourceTree = "<group>";
		};
		B5D0EF202C348EE50070B60A /* LottieFiles */ = {
			isa = PBXGroup;
			children = (
				B5D0EF182C348EE50070B60A /* Animation_3.json */,
				B5D0EF192C348EE50070B60A /* Loading_1.json */,
				B5D0EF1A2C348EE50070B60A /* Loading_2.json */,
				B5D0EF1B2C348EE50070B60A /* Loading_Animation_1.json */,
				B5D0EF1C2C348EE50070B60A /* Loading_Animation_2.json */,
				B5D0EF1D2C348EE50070B60A /* Loading_Animation_3.json */,
				B5D0EF1E2C348EE50070B60A /* Youtube_B_Animation.json */,
				B5D0EF1F2C348EE50070B60A /* Youtube_Button_Animation.json */,
			);
			path = LottieFiles;
			sourceTree = "<group>";
		};
		B5D0EF312C3497CA0070B60A /* Resources */ = {
			isa = PBXGroup;
			children = (
				B5D0EF202C348EE50070B60A /* LottieFiles */,
				B5D0EF322C3497FE0070B60A /* UIImage+extension.swift */,
			);
			path = Resources;
			sourceTree = "<group>";
		};
		B5DD1C892C344B14003893FE = {
			isa = PBXGroup;
			children = (
				B5DD1C942C344B14003893FE /* TMDB_UIKit */,
				B5DD1C932C344B14003893FE /* Products */,
			);
			sourceTree = "<group>";
		};
		B5DD1C932C344B14003893FE /* Products */ = {
			isa = PBXGroup;
			children = (
				B5DD1C922C344B14003893FE /* TMDB_UIKit.app */,
			);
			name = Products;
			sourceTree = "<group>";
		};
		B5DD1C942C344B14003893FE /* TMDB_UIKit */ = {
			isa = PBXGroup;
			children = (
				B5D0EF312C3497CA0070B60A /* Resources */,
				B5DD1CAE2C344D92003893FE /* Utilities */,
				B5DD1CAD2C344D86003893FE /* Managers */,
				B5DD1CAC2C344D7D003893FE /* ViewModel */,
				B5DD1CAB2C344D75003893FE /* Model */,
				B5DD1CAA2C344D57003893FE /* View */,
				B5DD1CA92C344C5D003893FE /* Delegate */,
				B5DD1C9E2C344B16003893FE /* Assets.xcassets */,
				B5DD1CA02C344B16003893FE /* LaunchScreen.storyboard */,
				B5DD1CA32C344B16003893FE /* Info.plist */,
			);
			path = TMDB_UIKit;
			sourceTree = "<group>";
		};
		B5DD1CA92C344C5D003893FE /* Delegate */ = {
			isa = PBXGroup;
			children = (
				B5DD1C952C344B14003893FE /* AppDelegate.swift */,
				B5DD1C972C344B14003893FE /* SceneDelegate.swift */,
			);
			path = Delegate;
			sourceTree = "<group>";
		};
		B5DD1CAA2C344D57003893FE /* View */ = {
			isa = PBXGroup;
			children = (
				B5D0EF052C34883F0070B60A /* General */,
				B5D0EF062C34884B0070B60A /* Base */,
			);
			path = View;
			sourceTree = "<group>";
		};
		B5DD1CAB2C344D75003893FE /* Model */ = {
			isa = PBXGroup;
			children = (
				B5D0EEE92C3460D30070B60A /* Movie.swift */,
				B5D0EEEA2C3460D30070B60A /* MovieGenre.swift */,
				B5D0EEE82C3460D30070B60A /* MovieLanguage.swift */,
			);
			path = Model;
			sourceTree = "<group>";
		};
		B5DD1CAC2C344D7D003893FE /* ViewModel */ = {
			isa = PBXGroup;
			children = (
				B5D0EEF22C3467BE0070B60A /* MoviesViewModel.swift */,
			);
			path = ViewModel;
			sourceTree = "<group>";
		};
		B5DD1CAD2C344D86003893FE /* Managers */ = {
			isa = PBXGroup;
			children = (
				B5D0EEEE2C34632F0070B60A /* MovieManager.swift */,
				B5D0EF292C3490550070B60A /* YouTubeManager.swift */,
			);
			path = Managers;
			sourceTree = "<group>";
		};
		B5DD1CAE2C344D92003893FE /* Utilities */ = {
			isa = PBXGroup;
			children = (
				B5DD1CBE2C3458B7003893FE /* NetworkMonitor.swift */,
				B5D0EEF02C3463EA0070B60A /* K+Strings.swift */,
				B5D0EF2F2C3496850070B60A /* R+Strings.swift */,
			);
			path = Utilities;
			sourceTree = "<group>";
		};
/* End PBXGroup section */

/* Begin PBXNativeTarget section */
		B5DD1C912C344B14003893FE /* TMDB_UIKit */ = {
			isa = PBXNativeTarget;
			buildConfigurationList = B5DD1CA62C344B16003893FE /* Build configuration list for PBXNativeTarget "TMDB_UIKit" */;
			buildPhases = (
				B5DD1C8E2C344B14003893FE /* Sources */,
				B5DD1C8F2C344B14003893FE /* Frameworks */,
				B5DD1C902C344B14003893FE /* Resources */,
			);
			buildRules = (
			);
			dependencies = (
			);
			name = TMDB_UIKit;
			packageProductDependencies = (
				B5D0EF112C348C080070B60A /* Lottie */,
				B5D0EF142C348C720070B60A /* Kingfisher */,
				B5D0EF382C34A0590070B60A /* SwiftyJSON */,
				B5D0EF3B2C34A2660070B60A /* Alamofire */,
			);
			productName = TMDB_UIKit;
			productReference = B5DD1C922C344B14003893FE /* TMDB_UIKit.app */;
			productType = "com.apple.product-type.application";
		};
/* End PBXNativeTarget section */

/* Begin PBXProject section */
		B5DD1C8A2C344B14003893FE /* Project object */ = {
			isa = PBXProject;
			attributes = {
				BuildIndependentTargetsInParallel = 1;
				LastSwiftUpdateCheck = 1540;
				LastUpgradeCheck = 1540;
				TargetAttributes = {
					B5DD1C912C344B14003893FE = {
						CreatedOnToolsVersion = 15.4;
					};
				};
			};
			buildConfigurationList = B5DD1C8D2C344B14003893FE /* Build configuration list for PBXProject "TMDB_UIKit" */;
			compatibilityVersion = "Xcode 14.0";
			developmentRegion = en;
			hasScannedForEncodings = 0;
			knownRegions = (
				en,
				Base,
			);
			mainGroup = B5DD1C892C344B14003893FE;
			packageReferences = (
				B5D0EF102C348C080070B60A /* XCRemoteSwiftPackageReference "lottie-ios" */,
				B5D0EF132C348C720070B60A /* XCRemoteSwiftPackageReference "Kingfisher" */,
				B5D0EF372C34A0590070B60A /* XCRemoteSwiftPackageReference "SwiftyJSON" */,
				B5D0EF3A2C34A2660070B60A /* XCRemoteSwiftPackageReference "Alamofire" */,
			);
			productRefGroup = B5DD1C932C344B14003893FE /* Products */;
			projectDirPath = "";
			projectRoot = "";
			targets = (
				B5DD1C912C344B14003893FE /* TMDB_UIKit */,
			);
		};
/* End PBXProject section */

/* Begin PBXResourcesBuildPhase section */
		B5DD1C902C344B14003893FE /* Resources */ = {
			isa = PBXResourcesBuildPhase;
			buildActionMask = 2147483647;
			files = (
				B5D0EF272C348EE50070B60A /* Youtube_B_Animation.json in Resources */,
				B5D0EF222C348EE50070B60A /* Loading_1.json in Resources */,
				B5D0EF242C348EE50070B60A /* Loading_Animation_1.json in Resources */,
				B5D0EF212C348EE50070B60A /* Animation_3.json in Resources */,
				B5D0EF282C348EE50070B60A /* Youtube_Button_Animation.json in Resources */,
				B5DD1C9F2C344B16003893FE /* Assets.xcassets in Resources */,
				B5D0EF232C348EE50070B60A /* Loading_2.json in Resources */,
				B5D0EF252C348EE50070B60A /* Loading_Animation_2.json in Resources */,
				B5DD1CA22C344B16003893FE /* Base in Resources */,
				B5D0EF262C348EE50070B60A /* Loading_Animation_3.json in Resources */,
			);
			runOnlyForDeploymentPostprocessing = 0;
		};
/* End PBXResourcesBuildPhase section */

/* Begin PBXSourcesBuildPhase section */
		B5DD1C8E2C344B14003893FE /* Sources */ = {
			isa = PBXSourcesBuildPhase;
			buildActionMask = 2147483647;
			files = (
				B5D0EEF52C346B680070B60A /* MoviesViewController.swift in Sources */,
				B5D0EF0D2C348B890070B60A /* MoviesTableView.swift in Sources */,
				B5D0EF0F2C348BC60070B60A /* MovieTableViewCell.swift in Sources */,
				B5D0EEEF2C34632F0070B60A /* MovieManager.swift in Sources */,
				B5D0EF302C3496850070B60A /* R+Strings.swift in Sources */,
				B5D0EF172C348D930070B60A /* PosterCellView.swift in Sources */,
				B5D0EEF12C3463EA0070B60A /* K+Strings.swift in Sources */,
				B5D0EF2C2C3492730070B60A /* MovieDetailViewController.swift in Sources */,
				B5D0EF2A2C3490550070B60A /* YouTubeManager.swift in Sources */,
				B5D0EF082C3488670070B60A /* SearchBarView.swift in Sources */,
				B5D0EEEB2C3460D30070B60A /* MovieLanguage.swift in Sources */,
				B5D0EEEC2C3460D30070B60A /* Movie.swift in Sources */,
				B5D0EF2E2C3494720070B60A /* FullscreenPosterViewController.swift in Sources */,
				B5DD1CBF2C3458B7003893FE /* NetworkMonitor.swift in Sources */,
				B5D0EF332C3497FE0070B60A /* UIImage+extension.swift in Sources */,
				B5DD1C962C344B14003893FE /* AppDelegate.swift in Sources */,
				B5DD1C982C344B14003893FE /* SceneDelegate.swift in Sources */,
				B5D0EEED2C3460D30070B60A /* MovieGenre.swift in Sources */,
				B5D0EEF32C3467BE0070B60A /* MoviesViewModel.swift in Sources */,
			);
			runOnlyForDeploymentPostprocessing = 0;
		};
/* End PBXSourcesBuildPhase section */

/* Begin PBXVariantGroup section */
		B5DD1CA02C344B16003893FE /* LaunchScreen.storyboard */ = {
			isa = PBXVariantGroup;
			children = (
				B5DD1CA12C344B16003893FE /* Base */,
			);
			name = LaunchScreen.storyboard;
			sourceTree = "<group>";
		};
/* End PBXVariantGroup section */

/* Begin XCBuildConfiguration section */
		B5DD1CA42C344B16003893FE /* Debug */ = {
			isa = XCBuildConfiguration;
			buildSettings = {
				ALWAYS_SEARCH_USER_PATHS = NO;
				ASSETCATALOG_COMPILER_GENERATE_SWIFT_ASSET_SYMBOL_EXTENSIONS = YES;
				CLANG_ANALYZER_NONNULL = YES;
				CLANG_ANALYZER_NUMBER_OBJECT_CONVERSION = YES_AGGRESSIVE;
				CLANG_CXX_LANGUAGE_STANDARD = "gnu++20";
				CLANG_ENABLE_MODULES = YES;
				CLANG_ENABLE_OBJC_ARC = YES;
				CLANG_ENABLE_OBJC_WEAK = YES;
				CLANG_WARN_BLOCK_CAPTURE_AUTORELEASING = YES;
				CLANG_WARN_BOOL_CONVERSION = YES;
				CLANG_WARN_COMMA = YES;
				CLANG_WARN_CONSTANT_CONVERSION = YES;
				CLANG_WARN_DEPRECATED_OBJC_IMPLEMENTATIONS = YES;
				CLANG_WARN_DIRECT_OBJC_ISA_USAGE = YES_ERROR;
				CLANG_WARN_DOCUMENTATION_COMMENTS = YES;
				CLANG_WARN_EMPTY_BODY = YES;
				CLANG_WARN_ENUM_CONVERSION = YES;
				CLANG_WARN_INFINITE_RECURSION = YES;
				CLANG_WARN_INT_CONVERSION = YES;
				CLANG_WARN_NON_LITERAL_NULL_CONVERSION = YES;
				CLANG_WARN_OBJC_IMPLICIT_RETAIN_SELF = YES;
				CLANG_WARN_OBJC_LITERAL_CONVERSION = YES;
				CLANG_WARN_OBJC_ROOT_CLASS = YES_ERROR;
				CLANG_WARN_QUOTED_INCLUDE_IN_FRAMEWORK_HEADER = YES;
				CLANG_WARN_RANGE_LOOP_ANALYSIS = YES;
				CLANG_WARN_STRICT_PROTOTYPES = YES;
				CLANG_WARN_SUSPICIOUS_MOVE = YES;
				CLANG_WARN_UNGUARDED_AVAILABILITY = YES_AGGRESSIVE;
				CLANG_WARN_UNREACHABLE_CODE = YES;
				CLANG_WARN__DUPLICATE_METHOD_MATCH = YES;
				COPY_PHASE_STRIP = NO;
				DEBUG_INFORMATION_FORMAT = dwarf;
				ENABLE_STRICT_OBJC_MSGSEND = YES;
				ENABLE_TESTABILITY = YES;
				ENABLE_USER_SCRIPT_SANDBOXING = YES;
				GCC_C_LANGUAGE_STANDARD = gnu17;
				GCC_DYNAMIC_NO_PIC = NO;
				GCC_NO_COMMON_BLOCKS = YES;
				GCC_OPTIMIZATION_LEVEL = 0;
				GCC_PREPROCESSOR_DEFINITIONS = (
					"DEBUG=1",
					"$(inherited)",
				);
				GCC_WARN_64_TO_32_BIT_CONVERSION = YES;
				GCC_WARN_ABOUT_RETURN_TYPE = YES_ERROR;
				GCC_WARN_UNDECLARED_SELECTOR = YES;
				GCC_WARN_UNINITIALIZED_AUTOS = YES_AGGRESSIVE;
				GCC_WARN_UNUSED_FUNCTION = YES;
				GCC_WARN_UNUSED_VARIABLE = YES;
				IPHONEOS_DEPLOYMENT_TARGET = 15.0;
				LOCALIZATION_PREFERS_STRING_CATALOGS = YES;
				MTL_ENABLE_DEBUG_INFO = INCLUDE_SOURCE;
				MTL_FAST_MATH = YES;
				ONLY_ACTIVE_ARCH = YES;
				SDKROOT = iphoneos;
				SWIFT_ACTIVE_COMPILATION_CONDITIONS = "DEBUG $(inherited)";
				SWIFT_OPTIMIZATION_LEVEL = "-Onone";
			};
			name = Debug;
		};
		B5DD1CA52C344B16003893FE /* Release */ = {
			isa = XCBuildConfiguration;
			buildSettings = {
				ALWAYS_SEARCH_USER_PATHS = NO;
				ASSETCATALOG_COMPILER_GENERATE_SWIFT_ASSET_SYMBOL_EXTENSIONS = YES;
				CLANG_ANALYZER_NONNULL = YES;
				CLANG_ANALYZER_NUMBER_OBJECT_CONVERSION = YES_AGGRESSIVE;
				CLANG_CXX_LANGUAGE_STANDARD = "gnu++20";
				CLANG_ENABLE_MODULES = YES;
				CLANG_ENABLE_OBJC_ARC = YES;
				CLANG_ENABLE_OBJC_WEAK = YES;
				CLANG_WARN_BLOCK_CAPTURE_AUTORELEASING = YES;
				CLANG_WARN_BOOL_CONVERSION = YES;
				CLANG_WARN_COMMA = YES;
				CLANG_WARN_CONSTANT_CONVERSION = YES;
				CLANG_WARN_DEPRECATED_OBJC_IMPLEMENTATIONS = YES;
				CLANG_WARN_DIRECT_OBJC_ISA_USAGE = YES_ERROR;
				CLANG_WARN_DOCUMENTATION_COMMENTS = YES;
				CLANG_WARN_EMPTY_BODY = YES;
				CLANG_WARN_ENUM_CONVERSION = YES;
				CLANG_WARN_INFINITE_RECURSION = YES;
				CLANG_WARN_INT_CONVERSION = YES;
				CLANG_WARN_NON_LITERAL_NULL_CONVERSION = YES;
				CLANG_WARN_OBJC_IMPLICIT_RETAIN_SELF = YES;
				CLANG_WARN_OBJC_LITERAL_CONVERSION = YES;
				CLANG_WARN_OBJC_ROOT_CLASS = YES_ERROR;
				CLANG_WARN_QUOTED_INCLUDE_IN_FRAMEWORK_HEADER = YES;
				CLANG_WARN_RANGE_LOOP_ANALYSIS = YES;
				CLANG_WARN_STRICT_PROTOTYPES = YES;
				CLANG_WARN_SUSPICIOUS_MOVE = YES;
				CLANG_WARN_UNGUARDED_AVAILABILITY = YES_AGGRESSIVE;
				CLANG_WARN_UNREACHABLE_CODE = YES;
				CLANG_WARN__DUPLICATE_METHOD_MATCH = YES;
				COPY_PHASE_STRIP = NO;
				DEBUG_INFORMATION_FORMAT = "dwarf-with-dsym";
				ENABLE_NS_ASSERTIONS = NO;
				ENABLE_STRICT_OBJC_MSGSEND = YES;
				ENABLE_USER_SCRIPT_SANDBOXING = YES;
				GCC_C_LANGUAGE_STANDARD = gnu17;
				GCC_NO_COMMON_BLOCKS = YES;
				GCC_WARN_64_TO_32_BIT_CONVERSION = YES;
				GCC_WARN_ABOUT_RETURN_TYPE = YES_ERROR;
				GCC_WARN_UNDECLARED_SELECTOR = YES;
				GCC_WARN_UNINITIALIZED_AUTOS = YES_AGGRESSIVE;
				GCC_WARN_UNUSED_FUNCTION = YES;
				GCC_WARN_UNUSED_VARIABLE = YES;
				IPHONEOS_DEPLOYMENT_TARGET = 15.0;
				LOCALIZATION_PREFERS_STRING_CATALOGS = YES;
				MTL_ENABLE_DEBUG_INFO = NO;
				MTL_FAST_MATH = YES;
				SDKROOT = iphoneos;
				SWIFT_COMPILATION_MODE = wholemodule;
				VALIDATE_PRODUCT = YES;
			};
			name = Release;
		};
		B5DD1CA72C344B16003893FE /* Debug */ = {
			isa = XCBuildConfiguration;
			buildSettings = {
				ASSETCATALOG_COMPILER_APPICON_NAME = AppIcon;
				ASSETCATALOG_COMPILER_GLOBAL_ACCENT_COLOR_NAME = AccentColor;
				CODE_SIGN_STYLE = Automatic;
				CURRENT_PROJECT_VERSION = 1;
				DEVELOPMENT_TEAM = LBMSRRR88A;
				GENERATE_INFOPLIST_FILE = YES;
				INFOPLIST_FILE = TMDB_UIKit/Info.plist;
				INFOPLIST_KEY_CFBundleDisplayName = TMDB;
				INFOPLIST_KEY_LSApplicationCategoryType = "public.app-category.news";
				INFOPLIST_KEY_UIApplicationSupportsIndirectInputEvents = YES;
				INFOPLIST_KEY_UILaunchStoryboardName = LaunchScreen;
				INFOPLIST_KEY_UISupportedInterfaceOrientations = UIInterfaceOrientationPortrait;
				INFOPLIST_KEY_UISupportedInterfaceOrientations_iPad = "UIInterfaceOrientationLandscapeLeft UIInterfaceOrientationLandscapeRight UIInterfaceOrientationPortrait UIInterfaceOrientationPortraitUpsideDown";
				IPHONEOS_DEPLOYMENT_TARGET = 15.0;
				LD_RUNPATH_SEARCH_PATHS = (
					"$(inherited)",
					"@executable_path/Frameworks",
				);
				MARKETING_VERSION = 1.0;
				PRODUCT_BUNDLE_IDENTIFIER = "ostapartym.TMDB-UIKit";
				PRODUCT_NAME = "$(TARGET_NAME)";
				SUPPORTED_PLATFORMS = "iphoneos iphonesimulator";
				SUPPORTS_MACCATALYST = NO;
				SUPPORTS_MAC_DESIGNED_FOR_IPHONE_IPAD = NO;
				SUPPORTS_XR_DESIGNED_FOR_IPHONE_IPAD = NO;
				SWIFT_EMIT_LOC_STRINGS = YES;
				SWIFT_VERSION = 5.0;
				TARGETED_DEVICE_FAMILY = 1;
			};
			name = Debug;
		};
		B5DD1CA82C344B16003893FE /* Release */ = {
			isa = XCBuildConfiguration;
			buildSettings = {
				ASSETCATALOG_COMPILER_APPICON_NAME = AppIcon;
				ASSETCATALOG_COMPILER_GLOBAL_ACCENT_COLOR_NAME = AccentColor;
				CODE_SIGN_STYLE = Automatic;
				CURRENT_PROJECT_VERSION = 1;
				DEVELOPMENT_TEAM = LBMSRRR88A;
				GENERATE_INFOPLIST_FILE = YES;
				INFOPLIST_FILE = TMDB_UIKit/Info.plist;
				INFOPLIST_KEY_CFBundleDisplayName = TMDB;
				INFOPLIST_KEY_LSApplicationCategoryType = "public.app-category.news";
				INFOPLIST_KEY_UIApplicationSupportsIndirectInputEvents = YES;
				INFOPLIST_KEY_UILaunchStoryboardName = LaunchScreen;
				INFOPLIST_KEY_UISupportedInterfaceOrientations = UIInterfaceOrientationPortrait;
				INFOPLIST_KEY_UISupportedInterfaceOrientations_iPad = "UIInterfaceOrientationLandscapeLeft UIInterfaceOrientationLandscapeRight UIInterfaceOrientationPortrait UIInterfaceOrientationPortraitUpsideDown";
				IPHONEOS_DEPLOYMENT_TARGET = 15.0;
				LD_RUNPATH_SEARCH_PATHS = (
					"$(inherited)",
					"@executable_path/Frameworks",
				);
				MARKETING_VERSION = 1.0;
				PRODUCT_BUNDLE_IDENTIFIER = "ostapartym.TMDB-UIKit";
				PRODUCT_NAME = "$(TARGET_NAME)";
				SUPPORTED_PLATFORMS = "iphoneos iphonesimulator";
				SUPPORTS_MACCATALYST = NO;
				SUPPORTS_MAC_DESIGNED_FOR_IPHONE_IPAD = NO;
				SUPPORTS_XR_DESIGNED_FOR_IPHONE_IPAD = NO;
				SWIFT_EMIT_LOC_STRINGS = YES;
				SWIFT_VERSION = 5.0;
				TARGETED_DEVICE_FAMILY = 1;
			};
			name = Release;
		};
/* End XCBuildConfiguration section */

/* Begin XCConfigurationList section */
		B5DD1C8D2C344B14003893FE /* Build configuration list for PBXProject "TMDB_UIKit" */ = {
			isa = XCConfigurationList;
			buildConfigurations = (
				B5DD1CA42C344B16003893FE /* Debug */,
				B5DD1CA52C344B16003893FE /* Release */,
			);
			defaultConfigurationIsVisible = 0;
			defaultConfigurationName = Release;
		};
		B5DD1CA62C344B16003893FE /* Build configuration list for PBXNativeTarget "TMDB_UIKit" */ = {
			isa = XCConfigurationList;
			buildConfigurations = (
				B5DD1CA72C344B16003893FE /* Debug */,
				B5DD1CA82C344B16003893FE /* Release */,
			);
			defaultConfigurationIsVisible = 0;
			defaultConfigurationName = Release;
		};
/* End XCConfigurationList section */

/* Begin XCRemoteSwiftPackageReference section */
		B5D0EF102C348C080070B60A /* XCRemoteSwiftPackageReference "lottie-ios" */ = {
			isa = XCRemoteSwiftPackageReference;
			repositoryURL = "https://github.com/airbnb/lottie-ios.git";
			requirement = {
				kind = upToNextMajorVersion;
				minimumVersion = 4.4.3;
			};
		};
		B5D0EF132C348C720070B60A /* XCRemoteSwiftPackageReference "Kingfisher" */ = {
			isa = XCRemoteSwiftPackageReference;
			repositoryURL = "https://github.com/onevcat/Kingfisher.git";
			requirement = {
				kind = upToNextMajorVersion;
				minimumVersion = 7.12.0;
			};
		};
		B5D0EF372C34A0590070B60A /* XCRemoteSwiftPackageReference "SwiftyJSON" */ = {
			isa = XCRemoteSwiftPackageReference;
			repositoryURL = "https://github.com/SwiftyJSON/SwiftyJSON.git";
			requirement = {
				kind = upToNextMajorVersion;
				minimumVersion = 5.0.2;
			};
		};
		B5D0EF3A2C34A2660070B60A /* XCRemoteSwiftPackageReference "Alamofire" */ = {
			isa = XCRemoteSwiftPackageReference;
			repositoryURL = "https://github.com/Alamofire/Alamofire.git";
			requirement = {
				kind = upToNextMajorVersion;
				minimumVersion = 5.9.1;
			};
		};
/* End XCRemoteSwiftPackageReference section */

/* Begin XCSwiftPackageProductDependency section */
		B5D0EF112C348C080070B60A /* Lottie */ = {
			isa = XCSwiftPackageProductDependency;
			package = B5D0EF102C348C080070B60A /* XCRemoteSwiftPackageReference "lottie-ios" */;
			productName = Lottie;
		};
		B5D0EF142C348C720070B60A /* Kingfisher */ = {
			isa = XCSwiftPackageProductDependency;
			package = B5D0EF132C348C720070B60A /* XCRemoteSwiftPackageReference "Kingfisher" */;
			productName = Kingfisher;
		};
		B5D0EF382C34A0590070B60A /* SwiftyJSON */ = {
			isa = XCSwiftPackageProductDependency;
			package = B5D0EF372C34A0590070B60A /* XCRemoteSwiftPackageReference "SwiftyJSON" */;
			productName = SwiftyJSON;
		};
		B5D0EF3B2C34A2660070B60A /* Alamofire */ = {
			isa = XCSwiftPackageProductDependency;
			package = B5D0EF3A2C34A2660070B60A /* XCRemoteSwiftPackageReference "Alamofire" */;
			productName = Alamofire;
		};
/* End XCSwiftPackageProductDependency section */
	};
	rootObject = B5DD1C8A2C344B14003893FE /* Project object */;
}
